speakeasyVersion: 1.761.5
sources:
    my-source:
        sourceNamespace: my-source
        sourceRevisionDigest: sha256:dfbbbd6e91acbb7d3b8f74ef1bf4a04f6c62f9e71419b53fc926d9370fc97c47
        sourceBlobDigest: sha256:c458a2bfbcd9ab5562e0e7a655339cf5171aa9ea4c69fb9d2c55ebccd3c839d3
        tags:
            - latest
            - 1.0.3
targets:
    terraform:
        source: my-source
        sourceNamespace: my-source
        sourceRevisionDigest: sha256:dfbbbd6e91acbb7d3b8f74ef1bf4a04f6c62f9e71419b53fc926d9370fc97c47
        sourceBlobDigest: sha256:c458a2bfbcd9ab5562e0e7a655339cf5171aa9ea4c69fb9d2c55ebccd3c839d3
workflow:
    workflowVersion: 1.0.0
    speakeasyVersion: latest
    sources:
        my-source:
            inputs:
                - location: https://docs.api.epilot.io/erp-integration.yaml
            overlays:
                - location: overlay.yaml
            registry:
                location: registry.speakeasyapi.dev/epilot/epilot/my-source
    targets:
        terraform:
            target: terraform
            source: my-source
